
Microsoft Visual Studio Solution File, Format Version 12.00
# Visual Studio Version 17
VisualStudioVersion = 17.3.32714.290
MinimumVisualStudioVersion = 10.0.40219.1
Project("{FAE04EC0-301F-11D3-BF4B-00C04F79EFBC}") = "DocRuTests", "DocRuTests\DocRuTests.csproj", "{90C5AE22-22F0-4448-8EE4-393841B6D01E}"
EndProject
Project("{FAE04EC0-301F-11D3-BF4B-00C04F79EFBC}") = "ConsoleInterface", "ConsoleInterface\ConsoleInterface.csproj", "{07C94EFE-1E66-481B-B9E7-6BD8EFA5D7A3}"
EndProject
Global
	GlobalSection(SolutionConfigurationPlatforms) = preSolution
		Debug|Any CPU = Debug|Any CPU
		Release|Any CPU = Release|Any CPU
	EndGlobalSection
	GlobalSection(ProjectConfigurationPlatforms) = postSolution
		{90C5AE22-22F0-4448-8EE4-393841B6D01E}.Debug|Any CPU.ActiveCfg = Debug|Any CPU
		{90C5AE22-22F0-4448-8EE4-393841B6D01E}.Debug|Any CPU.Build.0 = Debug|Any CPU
		{90C5AE22-22F0-4448-8EE4-393841B6D01E}.Release|Any CPU.ActiveCfg = Release|Any CPU
		{90C5AE22-22F0-4448-8EE4-393841B6D01E}.Release|Any CPU.Build.0 = Release|Any CPU
		{07C94EFE-1E66-481B-B9E7-6BD8EFA5D7A3}.Debug|Any CPU.ActiveCfg = Debug|Any CPU
		{07C94EFE-1E66-481B-B9E7-6BD8EFA5D7A3}.Debug|Any CPU.Build.0 = Debug|Any CPU
		{07C94EFE-1E66-481B-B9E7-6BD8EFA5D7A3}.Release|Any CPU.ActiveCfg = Release|Any CPU
		{07C94EFE-1E66-481B-B9E7-6BD8EFA5D7A3}.Release|Any CPU.Build.0 = Release|Any CPU
	EndGlobalSection
	GlobalSection(SolutionProperties) = preSolution
		HideSolutionNode = FALSE
	EndGlobalSection
	GlobalSection(ExtensibilityGlobals) = postSolution
		SolutionGuid = {3F056CE3-5D95-48E4-9F46-4421B96065AA}
	EndGlobalSection
EndGlobal
